
Microsoft Visual Studio Solution File, Format Version 12.00
# Visual Studio Version 17
VisualStudioVersion = 17.8.34511.84
MinimumVisualStudioVersion = 10.0.40219.1
Project("{FAE04EC0-301F-11D3-BF4B-00C04F79EFBC}") = "Computadoras110324V2", "Computadoras110324V2\Computadoras110324V2.csproj", "{8442B5B0-BF80-4B4C-8D08-4B913D60977D}"
EndProject
Global
	GlobalSection(SolutionConfigurationPlatforms) = preSolution
		Debug|Any CPU = Debug|Any CPU
		Release|Any CPU = Release|Any CPU
	EndGlobalSection
	GlobalSection(ProjectConfigurationPlatforms) = postSolution
		{8442B5B0-BF80-4B4C-8D08-4B913D60977D}.Debug|Any CPU.ActiveCfg = Debug|Any CPU
		{8442B5B0-BF80-4B4C-8D08-4B913D60977D}.Debug|Any CPU.Build.0 = Debug|Any CPU
		{8442B5B0-BF80-4B4C-8D08-4B913D60977D}.Release|Any CPU.ActiveCfg = Release|Any CPU
		{8442B5B0-BF80-4B4C-8D08-4B913D60977D}.Release|Any CPU.Build.0 = Release|Any CPU
	EndGlobalSection
	GlobalSection(SolutionProperties) = preSolution
		HideSolutionNode = FALSE
	EndGlobalSection
	GlobalSection(ExtensibilityGlobals) = postSolution
		SolutionGuid = {E9FF97D5-2C86-40DA-A20D-63BC63879ECC}
	EndGlobalSection
EndGlobal
